
Microsoft Visual Studio Solution File, Format Version 12.00
# Visual Studio 15
VisualStudioVersion = 15.0.28010.2050
MinimumVisualStudioVersion = 10.0.40219.1
Project("{FAE04EC0-301F-11D3-BF4B-00C04F79EFBC}") = "EstagiosDEIS", "EstagiosDEIS\EstagiosDEIS.csproj", "{43ACEF88-6660-4D58-890A-51A45FAED503}"
EndProject
Global
	GlobalSection(SolutionConfigurationPlatforms) = preSolution
		Debug|Any CPU = Debug|Any CPU
		Release|Any CPU = Release|Any CPU
	EndGlobalSection
	GlobalSection(ProjectConfigurationPlatforms) = postSolution
		{43ACEF88-6660-4D58-890A-51A45FAED503}.Debug|Any CPU.ActiveCfg = Debug|Any CPU
		{43ACEF88-6660-4D58-890A-51A45FAED503}.Debug|Any CPU.Build.0 = Debug|Any CPU
		{43ACEF88-6660-4D58-890A-51A45FAED503}.Release|Any CPU.ActiveCfg = Release|Any CPU
		{43ACEF88-6660-4D58-890A-51A45FAED503}.Release|Any CPU.Build.0 = Release|Any CPU
	EndGlobalSection
	GlobalSection(SolutionProperties) = preSolution
		HideSolutionNode = FALSE
	EndGlobalSection
	GlobalSection(ExtensibilityGlobals) = postSolution
		SolutionGuid = {9C77FA44-4758-4052-AAA8-B826634ECB0F}
	EndGlobalSection
EndGlobal
